
Microsoft Visual Studio Solution File, Format Version 12.00
# Visual Studio Version 17
VisualStudioVersion = 17.5.002.0
MinimumVisualStudioVersion = 10.0.40219.1
Project("{9A19103F-16F7-4668-BE54-9A1E7A4F7556}") = "TestTask", "TestTask.csproj", "{D925016B-1FB3-4A6A-B384-70767D635EE2}"
EndProject
Project("{9A19103F-16F7-4668-BE54-9A1E7A4F7556}") = "Tests", "..\Tests\Tests.csproj", "{BA132146-F96A-46CC-8FDB-2DF5066A9112}"
EndProject
Global
	GlobalSection(SolutionConfigurationPlatforms) = preSolution
		Debug|Any CPU = Debug|Any CPU
		Release|Any CPU = Release|Any CPU
	EndGlobalSection
	GlobalSection(ProjectConfigurationPlatforms) = postSolution
		{D925016B-1FB3-4A6A-B384-70767D635EE2}.Debug|Any CPU.ActiveCfg = Debug|Any CPU
		{D925016B-1FB3-4A6A-B384-70767D635EE2}.Debug|Any CPU.Build.0 = Debug|Any CPU
		{D925016B-1FB3-4A6A-B384-70767D635EE2}.Release|Any CPU.ActiveCfg = Release|Any CPU
		{D925016B-1FB3-4A6A-B384-70767D635EE2}.Release|Any CPU.Build.0 = Release|Any CPU
		{BA132146-F96A-46CC-8FDB-2DF5066A9112}.Debug|Any CPU.ActiveCfg = Debug|Any CPU
		{BA132146-F96A-46CC-8FDB-2DF5066A9112}.Debug|Any CPU.Build.0 = Debug|Any CPU
		{BA132146-F96A-46CC-8FDB-2DF5066A9112}.Release|Any CPU.ActiveCfg = Release|Any CPU
		{BA132146-F96A-46CC-8FDB-2DF5066A9112}.Release|Any CPU.Build.0 = Release|Any CPU
	EndGlobalSection
	GlobalSection(SolutionProperties) = preSolution
		HideSolutionNode = FALSE
	EndGlobalSection
	GlobalSection(ExtensibilityGlobals) = postSolution
		SolutionGuid = {F9EBDC7A-146E-4C4D-818C-0D1C6973C7EC}
	EndGlobalSection
EndGlobal
